
Microsoft Visual Studio Solution File, Format Version 12.00
# Visual Studio 15
VisualStudioVersion = 15.0.28010.2050
MinimumVisualStudioVersion = 10.0.40219.1
Project("{9A19103F-16F7-4668-BE54-9A1E7A4F7556}") = "NavnedbAPI", "NavnedbAPI.csproj", "{C2D53AEB-EBEB-440E-8006-9C0ADC39443E}"
EndProject
Global
	GlobalSection(SolutionConfigurationPlatforms) = preSolution
		Debug|Any CPU = Debug|Any CPU
		Release|Any CPU = Release|Any CPU
	EndGlobalSection
	GlobalSection(ProjectConfigurationPlatforms) = postSolution
		{C2D53AEB-EBEB-440E-8006-9C0ADC39443E}.Debug|Any CPU.ActiveCfg = Debug|Any CPU
		{C2D53AEB-EBEB-440E-8006-9C0ADC39443E}.Debug|Any CPU.Build.0 = Debug|Any CPU
		{C2D53AEB-EBEB-440E-8006-9C0ADC39443E}.Release|Any CPU.ActiveCfg = Release|Any CPU
		{C2D53AEB-EBEB-440E-8006-9C0ADC39443E}.Release|Any CPU.Build.0 = Release|Any CPU
	EndGlobalSection
	GlobalSection(SolutionProperties) = preSolution
		HideSolutionNode = FALSE
	EndGlobalSection
	GlobalSection(ExtensibilityGlobals) = postSolution
		SolutionGuid = {DF5828A2-32A2-44BF-B556-8FAFED5C5B17}
	EndGlobalSection
EndGlobal
